<Solution>
	<Folder Name="/Solution Items/">
		<File Path=".codacy.yml" />
		<File Path=".editorconfig" />
		<File Path=".gitignore" />
		<File Path="CONTRIBUTING.md" />
		<File Path="Directory.Build.props" />
		<File Path="Directory.Packages.props" />
		<File Path="global.json" />
		<File Path="LICENSE" />
		<File Path="PUBLISHING.md" />
		<File Path="Publish.ps1" />
		<File Path="README.md" />
		<File Path="SECURITY.md" />
		<File Path="version.json" />
	</Folder>
	<Project Path="TheHive.Api/TheHive.Api.csproj" />
	<Project Path="TheHive.Api.Test/TheHive.Api.Test.csproj" />
	<Project Path="TheHive.Api.Test.Integration/TheHive.Api.Test.Integration.csproj" />
</Solution>
